
Microsoft Visual Studio Solution File, Format Version 12.00
# Visual Studio Version 16
VisualStudioVersion = 16.0.28922.388
MinimumVisualStudioVersion = 10.0.40219.1
Project("{FAE04EC0-301F-11D3-BF4B-00C04F79EFBC}") = "CircumferenceRawaa", "CircumferenceRawaa\CircumferenceRawaa.csproj", "{053EF19E-0300-46D5-B5F6-DC7C8BBAB071}"
EndProject
Global
	GlobalSection(SolutionConfigurationPlatforms) = preSolution
		Debug|Any CPU = Debug|Any CPU
		Release|Any CPU = Release|Any CPU
	EndGlobalSection
	GlobalSection(ProjectConfigurationPlatforms) = postSolution
		{053EF19E-0300-46D5-B5F6-DC7C8BBAB071}.Debug|Any CPU.ActiveCfg = Debug|Any CPU
		{053EF19E-0300-46D5-B5F6-DC7C8BBAB071}.Debug|Any CPU.Build.0 = Debug|Any CPU
		{053EF19E-0300-46D5-B5F6-DC7C8BBAB071}.Release|Any CPU.ActiveCfg = Release|Any CPU
		{053EF19E-0300-46D5-B5F6-DC7C8BBAB071}.Release|Any CPU.Build.0 = Release|Any CPU
	EndGlobalSection
	GlobalSection(SolutionProperties) = preSolution
		HideSolutionNode = FALSE
	EndGlobalSection
	GlobalSection(ExtensibilityGlobals) = postSolution
		SolutionGuid = {B13EF642-9FD4-41FD-A81E-4864251CA82C}
	EndGlobalSection
EndGlobal
